
Microsoft Visual Studio Solution File, Format Version 12.00
# Visual Studio 15
VisualStudioVersion = 15.0.28307.329
MinimumVisualStudioVersion = 10.0.40219.1
Project("{9A19103F-16F7-4668-BE54-9A1E7A4F7556}") = "Site01", "Site01\Site01.csproj", "{DC4C4067-EACF-4057-A8FF-36BA4A542424}"
EndProject
Global
	GlobalSection(SolutionConfigurationPlatforms) = preSolution
		Debug|Any CPU = Debug|Any CPU
		Release|Any CPU = Release|Any CPU
	EndGlobalSection
	GlobalSection(ProjectConfigurationPlatforms) = postSolution
		{DC4C4067-EACF-4057-A8FF-36BA4A542424}.Debug|Any CPU.ActiveCfg = Debug|Any CPU
		{DC4C4067-EACF-4057-A8FF-36BA4A542424}.Debug|Any CPU.Build.0 = Debug|Any CPU
		{DC4C4067-EACF-4057-A8FF-36BA4A542424}.Release|Any CPU.ActiveCfg = Release|Any CPU
		{DC4C4067-EACF-4057-A8FF-36BA4A542424}.Release|Any CPU.Build.0 = Release|Any CPU
	EndGlobalSection
	GlobalSection(SolutionProperties) = preSolution
		HideSolutionNode = FALSE
	EndGlobalSection
	GlobalSection(ExtensibilityGlobals) = postSolution
		SolutionGuid = {02C848BF-7B9B-4782-BB4D-B79C1D7975AD}
	EndGlobalSection
EndGlobal
